
Microsoft Visual Studio Solution File, Format Version 12.00
# Visual Studio 14
VisualStudioVersion = 14.0.25420.1
MinimumVisualStudioVersion = 10.0.40219.1
Project("{FAE04EC0-301F-11D3-BF4B-00C04F79EFBC}") = "ActiveCampaignExample", "ActiveCampaignExample\ActiveCampaignExample.csproj", "{CBEC3467-F664-4111-ACE3-B2A2242A8FC4}"
EndProject
Project("{FAE04EC0-301F-11D3-BF4B-00C04F79EFBC}") = "ActiveCampaignNet", "ActiveCampaignNet\ActiveCampaignNet.csproj", "{8698CE39-AEC0-4EB4-8BC0-12174120A024}"
EndProject
Global
	GlobalSection(SolutionConfigurationPlatforms) = preSolution
		Debug|Any CPU = Debug|Any CPU
		Release|Any CPU = Release|Any CPU
	EndGlobalSection
	GlobalSection(ProjectConfigurationPlatforms) = postSolution
		{CBEC3467-F664-4111-ACE3-B2A2242A8FC4}.Debug|Any CPU.ActiveCfg = Debug|Any CPU
		{CBEC3467-F664-4111-ACE3-B2A2242A8FC4}.Debug|Any CPU.Build.0 = Debug|Any CPU
		{CBEC3467-F664-4111-ACE3-B2A2242A8FC4}.Release|Any CPU.ActiveCfg = Release|Any CPU
		{CBEC3467-F664-4111-ACE3-B2A2242A8FC4}.Release|Any CPU.Build.0 = Release|Any CPU
		{8698CE39-AEC0-4EB4-8BC0-12174120A024}.Debug|Any CPU.ActiveCfg = Debug|Any CPU
		{8698CE39-AEC0-4EB4-8BC0-12174120A024}.Debug|Any CPU.Build.0 = Debug|Any CPU
		{8698CE39-AEC0-4EB4-8BC0-12174120A024}.Release|Any CPU.ActiveCfg = Release|Any CPU
		{8698CE39-AEC0-4EB4-8BC0-12174120A024}.Release|Any CPU.Build.0 = Release|Any CPU
	EndGlobalSection
	GlobalSection(SolutionProperties) = preSolution
		HideSolutionNode = FALSE
	EndGlobalSection
EndGlobal
